{
  "name": "@tsonic/target-rust",
  "version": "0.0.1",
  "lockfileVersion": 3,
  "requires": true,
  "packages": {
    "": {
      "name": "@tsonic/target-rust",
      "version": "0.0.1",
      "devDependencies": {
        "@tsonic/target-api": "file:../tsonic/packages/target-api",
        "@tsonic/tsts": "file:../tsonic/packages/tsts"
      },
      "engines": {
        "node": ">=22.0.0"
      },
      "peerDependencies": {
        "@tsonic/target-api": "0.0.1",
        "@tsonic/tsts": "0.0.0"
      }
    },
    "../tsonic/packages/target-api": {
      "name": "@tsonic/target-api",
      "version": "0.0.1",
      "dev": true,
      "dependencies": {
        "@tsonic/tsts": "0.0.0"
      },
      "engines": {
        "node": ">=22.0.0"
      }
    },
    "../tsonic/packages/tsts": {
      "name": "@tsonic/tsts",
      "version": "0.0.0",
      "dev": true,
      "bin": {
        "tsts": "dist/src/cli/index.js"
      }
    },
    "node_modules/@tsonic/target-api": {
      "resolved": "../tsonic/packages/target-api",
      "link": true
    },
    "node_modules/@tsonic/tsts": {
      "resolved": "../tsonic/packages/tsts",
      "link": true
    }
  }
}
